// !$*UTF8*$!
{
	archiveVersion = 1;
	classes = {
	};
	objectVersion = 77;
	objects = {

/* Begin PBXBuildFile section */
		641695232D68CC8B0067B2CE /* main.cpp in Sources */ = {isa = PBXBuildFile; fileRef = 6416947A2D68B9D80067B2CE /* main.cpp */; };
		64E560672D662BBD00FE3849 /* Foundation.framework in Frameworks */ = {isa = PBXBuildFile; fileRef = 64E560662D662BBD00FE3849 /* Foundation.framework */; };
		64E560692D662BC700FE3849 /* Metal.framework in Frameworks */ = {isa = PBXBuildFile; fileRef = 64E560682D662BC700FE3849 /* Metal.framework */; };
		64E5606B2D662BCC00FE3849 /* QuartzCore.framework in Frameworks */ = {isa = PBXBuildFile; fileRef = 64E5606A2D662BCC00FE3849 /* QuartzCore.framework */; };
		64E5607B2D66332900FE3849 /* libglfw.3.4.dylib in Frameworks */ = {isa = PBXBuildFile; fileRef = 64E560782D66330A00FE3849 /* libglfw.3.4.dylib */; };
/* End PBXBuildFile section */

/* Begin PBXCopyFilesBuildPhase section */
		64E55F892D66243F00FE3849 /* CopyFiles */ = {
			isa = PBXCopyFilesBuildPhase;
			buildActionMask = 8;
			dstPath = /usr/share/man/man1;
			dstSubfolderSpec = 0;
			files = (
			);
			runOnlyForDeploymentPostprocessing = 1;
		};
/* End PBXCopyFilesBuildPhase section */

/* Begin PBXFileReference section */
		6416947A2D68B9D80067B2CE /* main.cpp */ = {isa = PBXFileReference; lastKnownFileType = sourcecode.cpp.cpp; path = main.cpp; sourceTree = "<group>"; };
		64E55F8B2D66243F00FE3849 /* HomeEngine */ = {isa = PBXFileReference; explicitFileType = "compiled.mach-o.executable"; includeInIndex = 0; path = HomeEngine; sourceTree = BUILT_PRODUCTS_DIR; };
		64E560662D662BBD00FE3849 /* Foundation.framework */ = {isa = PBXFileReference; lastKnownFileType = wrapper.framework; name = Foundation.framework; path = System/Library/Frameworks/Foundation.framework; sourceTree = SDKROOT; };
		64E560682D662BC700FE3849 /* Metal.framework */ = {isa = PBXFileReference; lastKnownFileType = wrapper.framework; name = Metal.framework; path = System/Library/Frameworks/Metal.framework; sourceTree = SDKROOT; };
		64E5606A2D662BCC00FE3849 /* QuartzCore.framework */ = {isa = PBXFileReference; lastKnownFileType = wrapper.framework; name = QuartzCore.framework; path = System/Library/Frameworks/QuartzCore.framework; sourceTree = SDKROOT; };
		64E5606E2D66330A00FE3849 /* glfw3Config.cmake */ = {isa = PBXFileReference; lastKnownFileType = text; path = glfw3Config.cmake; sourceTree = "<group>"; };
		64E5606F2D66330A00FE3849 /* glfw3ConfigVersion.cmake */ = {isa = PBXFileReference; lastKnownFileType = text; path = glfw3ConfigVersion.cmake; sourceTree = "<group>"; };
		64E560702D66330A00FE3849 /* glfw3Targets.cmake */ = {isa = PBXFileReference; lastKnownFileType = text; path = glfw3Targets.cmake; sourceTree = "<group>"; };
		64E560712D66330A00FE3849 /* glfw3Targets-release.cmake */ = {isa = PBXFileReference; lastKnownFileType = text; path = "glfw3Targets-release.cmake"; sourceTree = "<group>"; };
		64E560742D66330A00FE3849 /* glfw3.pc */ = {isa = PBXFileReference; lastKnownFileType = text; path = glfw3.pc; sourceTree = "<group>"; };
		64E560762D66330A00FE3849 /* libglfw.dylib */ = {isa = PBXFileReference; lastKnownFileType = "compiled.mach-o.dylib"; path = libglfw.dylib; sourceTree = "<group>"; };
		64E560772D66330A00FE3849 /* libglfw.3.dylib */ = {isa = PBXFileReference; lastKnownFileType = "compiled.mach-o.dylib"; path = libglfw.3.dylib; sourceTree = "<group>"; };
		64E560782D66330A00FE3849 /* libglfw.3.4.dylib */ = {isa = PBXFileReference; lastKnownFileType = "compiled.mach-o.dylib"; path = libglfw.3.4.dylib; sourceTree = "<group>"; };
		64E560792D66330A00FE3849 /* libglfw3.a */ = {isa = PBXFileReference; lastKnownFileType = archive.ar; path = libglfw3.a; sourceTree = "<group>"; };
/* End PBXFileReference section */

/* Begin PBXFileSystemSynchronizedRootGroup section */
		641694912D68CA8A0067B2CE /* commonSrc */ = {
			isa = PBXFileSystemSynchronizedRootGroup;
			path = commonSrc;
			sourceTree = "<group>";
		};
		641694942D68CA8D0067B2CE /* assets */ = {
			isa = PBXFileSystemSynchronizedRootGroup;
			path = assets;
			sourceTree = "<group>";
		};
		641694982D68CA9D0067B2CE /* metalConfig */ = {
			isa = PBXFileSystemSynchronizedRootGroup;
			path = metalConfig;
			sourceTree = "<group>";
		};
		6416949C2D68CAA20067B2CE /* shaders */ = {
			isa = PBXFileSystemSynchronizedRootGroup;
			path = shaders;
			sourceTree = "<group>";
		};
		6416949E2D68CAB50067B2CE /* lib */ = {
			isa = PBXFileSystemSynchronizedRootGroup;
			path = lib;
			sourceTree = "<group>";
		};
/* End PBXFileSystemSynchronizedRootGroup section */

/* Begin PBXFrameworksBuildPhase section */
		64E55F882D66243F00FE3849 /* Frameworks */ = {
			isa = PBXFrameworksBuildPhase;
			buildActionMask = 2147483647;
			files = (
				64E5607B2D66332900FE3849 /* libglfw.3.4.dylib in Frameworks */,
				64E560672D662BBD00FE3849 /* Foundation.framework in Frameworks */,
				64E560692D662BC700FE3849 /* Metal.framework in Frameworks */,
				64E5606B2D662BCC00FE3849 /* QuartzCore.framework in Frameworks */,
			);
			runOnlyForDeploymentPostprocessing = 0;
		};
/* End PBXFrameworksBuildPhase section */

/* Begin PBXGroup section */
		64E55F822D66243F00FE3849 = {
			isa = PBXGroup;
			children = (
				6416949E2D68CAB50067B2CE /* lib */,
				6416949C2D68CAA20067B2CE /* shaders */,
				641694982D68CA9D0067B2CE /* metalConfig */,
				641694912D68CA8A0067B2CE /* commonSrc */,
				641694942D68CA8D0067B2CE /* assets */,
				6416947A2D68B9D80067B2CE /* main.cpp */,
				64E560652D662BBC00FE3849 /* Frameworks */,
				64E55F8C2D66243F00FE3849 /* Products */,
			);
			sourceTree = "<group>";
		};
		64E55F8C2D66243F00FE3849 /* Products */ = {
			isa = PBXGroup;
			children = (
				64E55F8B2D66243F00FE3849 /* HomeEngine */,
			);
			name = Products;
			sourceTree = "<group>";
		};
		64E560652D662BBC00FE3849 /* Frameworks */ = {
			isa = PBXGroup;
			children = (
				64E5607A2D66330A00FE3849 /* lib */,
				64E5606A2D662BCC00FE3849 /* QuartzCore.framework */,
				64E560682D662BC700FE3849 /* Metal.framework */,
				64E560662D662BBD00FE3849 /* Foundation.framework */,
			);
			name = Frameworks;
			sourceTree = "<group>";
		};
		64E560722D66330A00FE3849 /* glfw3 */ = {
			isa = PBXGroup;
			children = (
				64E5606E2D66330A00FE3849 /* glfw3Config.cmake */,
				64E5606F2D66330A00FE3849 /* glfw3ConfigVersion.cmake */,
				64E560702D66330A00FE3849 /* glfw3Targets.cmake */,
				64E560712D66330A00FE3849 /* glfw3Targets-release.cmake */,
			);
			path = glfw3;
			sourceTree = "<group>";
		};
		64E560732D66330A00FE3849 /* cmake */ = {
			isa = PBXGroup;
			children = (
				64E560722D66330A00FE3849 /* glfw3 */,
			);
			path = cmake;
			sourceTree = "<group>";
		};
		64E560752D66330A00FE3849 /* pkgconfig */ = {
			isa = PBXGroup;
			children = (
				64E560742D66330A00FE3849 /* glfw3.pc */,
			);
			path = pkgconfig;
			sourceTree = "<group>";
		};
		64E5607A2D66330A00FE3849 /* lib */ = {
			isa = PBXGroup;
			children = (
				64E560732D66330A00FE3849 /* cmake */,
				64E560752D66330A00FE3849 /* pkgconfig */,
				64E560762D66330A00FE3849 /* libglfw.dylib */,
				64E560772D66330A00FE3849 /* libglfw.3.dylib */,
				64E560782D66330A00FE3849 /* libglfw.3.4.dylib */,
				64E560792D66330A00FE3849 /* libglfw3.a */,
			);
			name = lib;
			path = ../../../../../opt/homebrew/Cellar/glfw/3.4/lib;
			sourceTree = "<group>";
		};
/* End PBXGroup section */

/* Begin PBXNativeTarget section */
		64E55F8A2D66243F00FE3849 /* HomeEngine */ = {
			isa = PBXNativeTarget;
			buildConfigurationList = 64E55F922D66243F00FE3849 /* Build configuration list for PBXNativeTarget "HomeEngine" */;
			buildPhases = (
				64E55F872D66243F00FE3849 /* Sources */,
				64E55F882D66243F00FE3849 /* Frameworks */,
				64E55F892D66243F00FE3849 /* CopyFiles */,
			);
			buildRules = (
			);
			dependencies = (
			);
			fileSystemSynchronizedGroups = (
				641694912D68CA8A0067B2CE /* commonSrc */,
				641694942D68CA8D0067B2CE /* assets */,
				641694982D68CA9D0067B2CE /* metalConfig */,
				6416949C2D68CAA20067B2CE /* shaders */,
				6416949E2D68CAB50067B2CE /* lib */,
			);
			name = HomeEngine;
			packageProductDependencies = (
			);
			productName = HomeEngine;
			productReference = 64E55F8B2D66243F00FE3849 /* HomeEngine */;
			productType = "com.apple.product-type.tool";
		};
/* End PBXNativeTarget section */

/* Begin PBXProject section */
		64E55F832D66243F00FE3849 /* Project object */ = {
			isa = PBXProject;
			attributes = {
				BuildIndependentTargetsInParallel = 1;
				LastUpgradeCheck = 1620;
				TargetAttributes = {
					64E55F8A2D66243F00FE3849 = {
						CreatedOnToolsVersion = 16.2;
					};
				};
			};
			buildConfigurationList = 64E55F862D66243F00FE3849 /* Build configuration list for PBXProject "HomeEngine" */;
			developmentRegion = en;
			hasScannedForEncodings = 0;
			knownRegions = (
				en,
				Base,
			);
			mainGroup = 64E55F822D66243F00FE3849;
			minimizedProjectReferenceProxies = 1;
			preferredProjectObjectVersion = 77;
			productRefGroup = 64E55F8C2D66243F00FE3849 /* Products */;
			projectDirPath = "";
			projectRoot = "";
			targets = (
				64E55F8A2D66243F00FE3849 /* HomeEngine */,
			);
		};
/* End PBXProject section */

/* Begin PBXSourcesBuildPhase section */
		64E55F872D66243F00FE3849 /* Sources */ = {
			isa = PBXSourcesBuildPhase;
			buildActionMask = 2147483647;
			files = (
				641695232D68CC8B0067B2CE /* main.cpp in Sources */,
			);
			runOnlyForDeploymentPostprocessing = 0;
		};
/* End PBXSourcesBuildPhase section */

/* Begin XCBuildConfiguration section */
		64E55F902D66243F00FE3849 /* Debug */ = {
			isa = XCBuildConfiguration;
			buildSettings = {
				ALWAYS_SEARCH_USER_PATHS = NO;
				ASSETCATALOG_COMPILER_GENERATE_SWIFT_ASSET_SYMBOL_EXTENSIONS = YES;
				CLANG_ANALYZER_NONNULL = YES;
				CLANG_ANALYZER_NUMBER_OBJECT_CONVERSION = YES_AGGRESSIVE;
				CLANG_CXX_LANGUAGE_STANDARD = "gnu++20";
				CLANG_ENABLE_MODULES = YES;
				CLANG_ENABLE_OBJC_ARC = YES;
				CLANG_ENABLE_OBJC_WEAK = YES;
				CLANG_WARN_BLOCK_CAPTURE_AUTORELEASING = YES;
				CLANG_WARN_BOOL_CONVERSION = YES;
				CLANG_WARN_COMMA = YES;
				CLANG_WARN_CONSTANT_CONVERSION = YES;
				CLANG_WARN_DEPRECATED_OBJC_IMPLEMENTATIONS = YES;
				CLANG_WARN_DIRECT_OBJC_ISA_USAGE = YES_ERROR;
				CLANG_WARN_DOCUMENTATION_COMMENTS = YES;
				CLANG_WARN_EMPTY_BODY = YES;
				CLANG_WARN_ENUM_CONVERSION = YES;
				CLANG_WARN_INFINITE_RECURSION = YES;
				CLANG_WARN_INT_CONVERSION = YES;
				CLANG_WARN_NON_LITERAL_NULL_CONVERSION = YES;
				CLANG_WARN_OBJC_IMPLICIT_RETAIN_SELF = YES;
				CLANG_WARN_OBJC_LITERAL_CONVERSION = YES;
				CLANG_WARN_OBJC_ROOT_CLASS = YES_ERROR;
				CLANG_WARN_QUOTED_INCLUDE_IN_FRAMEWORK_HEADER = YES;
				CLANG_WARN_RANGE_LOOP_ANALYSIS = YES;
				CLANG_WARN_STRICT_PROTOTYPES = YES;
				CLANG_WARN_SUSPICIOUS_MOVE = YES;
				CLANG_WARN_UNGUARDED_AVAILABILITY = YES_AGGRESSIVE;
				CLANG_WARN_UNREACHABLE_CODE = YES;
				CLANG_WARN__DUPLICATE_METHOD_MATCH = YES;
				COPY_PHASE_STRIP = NO;
				DEBUG_INFORMATION_FORMAT = dwarf;
				ENABLE_STRICT_OBJC_MSGSEND = YES;
				ENABLE_TESTABILITY = YES;
				ENABLE_USER_SCRIPT_SANDBOXING = YES;
				GCC_C_LANGUAGE_STANDARD = gnu17;
				GCC_DYNAMIC_NO_PIC = NO;
				GCC_NO_COMMON_BLOCKS = YES;
				GCC_OPTIMIZATION_LEVEL = 0;
				GCC_PREPROCESSOR_DEFINITIONS = (
					"DEBUG=1",
					"$(inherited)",
				);
				GCC_WARN_64_TO_32_BIT_CONVERSION = YES;
				GCC_WARN_ABOUT_RETURN_TYPE = YES_ERROR;
				GCC_WARN_UNDECLARED_SELECTOR = YES;
				GCC_WARN_UNINITIALIZED_AUTOS = YES_AGGRESSIVE;
				GCC_WARN_UNUSED_FUNCTION = YES;
				GCC_WARN_UNUSED_VARIABLE = YES;
				LOCALIZATION_PREFERS_STRING_CATALOGS = YES;
				MACOSX_DEPLOYMENT_TARGET = 15.2;
				MTL_ENABLE_DEBUG_INFO = INCLUDE_SOURCE;
				MTL_FAST_MATH = YES;
				ONLY_ACTIVE_ARCH = YES;
				SDKROOT = macosx;
			};
			name = Debug;
		};
		64E55F912D66243F00FE3849 /* Release */ = {
			isa = XCBuildConfiguration;
			buildSettings = {
				ALWAYS_SEARCH_USER_PATHS = NO;
				ASSETCATALOG_COMPILER_GENERATE_SWIFT_ASSET_SYMBOL_EXTENSIONS = YES;
				CLANG_ANALYZER_NONNULL = YES;
				CLANG_ANALYZER_NUMBER_OBJECT_CONVERSION = YES_AGGRESSIVE;
				CLANG_CXX_LANGUAGE_STANDARD = "gnu++20";
				CLANG_ENABLE_MODULES = YES;
				CLANG_ENABLE_OBJC_ARC = YES;
				CLANG_ENABLE_OBJC_WEAK = YES;
				CLANG_WARN_BLOCK_CAPTURE_AUTORELEASING = YES;
				CLANG_WARN_BOOL_CONVERSION = YES;
				CLANG_WARN_COMMA = YES;
				CLANG_WARN_CONSTANT_CONVERSION = YES;
				CLANG_WARN_DEPRECATED_OBJC_IMPLEMENTATIONS = YES;
				CLANG_WARN_DIRECT_OBJC_ISA_USAGE = YES_ERROR;
				CLANG_WARN_DOCUMENTATION_COMMENTS = YES;
				CLANG_WARN_EMPTY_BODY = YES;
				CLANG_WARN_ENUM_CONVERSION = YES;
				CLANG_WARN_INFINITE_RECURSION = YES;
				CLANG_WARN_INT_CONVERSION = YES;
				CLANG_WARN_NON_LITERAL_NULL_CONVERSION = YES;
				CLANG_WARN_OBJC_IMPLICIT_RETAIN_SELF = YES;
				CLANG_WARN_OBJC_LITERAL_CONVERSION = YES;
				CLANG_WARN_OBJC_ROOT_CLASS = YES_ERROR;
				CLANG_WARN_QUOTED_INCLUDE_IN_FRAMEWORK_HEADER = YES;
				CLANG_WARN_RANGE_LOOP_ANALYSIS = YES;
				CLANG_WARN_STRICT_PROTOTYPES = YES;
				CLANG_WARN_SUSPICIOUS_MOVE = YES;
				CLANG_WARN_UNGUARDED_AVAILABILITY = YES_AGGRESSIVE;
				CLANG_WARN_UNREACHABLE_CODE = YES;
				CLANG_WARN__DUPLICATE_METHOD_MATCH = YES;
				COPY_PHASE_STRIP = NO;
				DEBUG_INFORMATION_FORMAT = "dwarf-with-dsym";
				ENABLE_NS_ASSERTIONS = NO;
				ENABLE_STRICT_OBJC_MSGSEND = YES;
				ENABLE_USER_SCRIPT_SANDBOXING = YES;
				GCC_C_LANGUAGE_STANDARD = gnu17;
				GCC_NO_COMMON_BLOCKS = YES;
				GCC_WARN_64_TO_32_BIT_CONVERSION = YES;
				GCC_WARN_ABOUT_RETURN_TYPE = YES_ERROR;
				GCC_WARN_UNDECLARED_SELECTOR = YES;
				GCC_WARN_UNINITIALIZED_AUTOS = YES_AGGRESSIVE;
				GCC_WARN_UNUSED_FUNCTION = YES;
				GCC_WARN_UNUSED_VARIABLE = YES;
				LOCALIZATION_PREFERS_STRING_CATALOGS = YES;
				MACOSX_DEPLOYMENT_TARGET = 15.2;
				MTL_ENABLE_DEBUG_INFO = NO;
				MTL_FAST_MATH = YES;
				SDKROOT = macosx;
			};
			name = Release;
		};
		64E55F932D66243F00FE3849 /* Debug */ = {
			isa = XCBuildConfiguration;
			buildSettings = {
				CODE_SIGN_STYLE = Automatic;
				HEADER_SEARCH_PATHS = (
					"$(PROJECT_DIR)/lib/metal-cpp",
					/opt/homebrew/Cellar/glfw/3.4/include,
					"$(PROJECT_DIR)/commonSrc",
					"$(PROJECT_DIR)/lib/imgui",
					"$(PROJECT_DIR)/lib/stb",
					"$(PROJECT_DIR)/lib/AAPLMathUtilities",
				);
				LIBRARY_SEARCH_PATHS = (
					"$(inherited)",
					/opt/homebrew/Cellar/glfw/3.4/lib,
				);
				MTL_HEADER_SEARCH_PATHS = "$(PROJECT_DIR)/commonSrc";
				PRODUCT_NAME = "$(TARGET_NAME)";
			};
			name = Debug;
		};
		64E55F942D66243F00FE3849 /* Release */ = {
			isa = XCBuildConfiguration;
			buildSettings = {
				CODE_SIGN_STYLE = Automatic;
				HEADER_SEARCH_PATHS = (
					"$(PROJECT_DIR)/lib/metal-cpp",
					/opt/homebrew/Cellar/glfw/3.4/include,
					"$(PROJECT_DIR)/commonSrc",
					"$(PROJECT_DIR)/lib/imgui",
					"$(PROJECT_DIR)/lib/stb",
					"$(PROJECT_DIR)/lib/AAPLMathUtilities",
				);
				LIBRARY_SEARCH_PATHS = (
					"$(inherited)",
					/opt/homebrew/Cellar/glfw/3.4/lib,
				);
				MTL_HEADER_SEARCH_PATHS = "$(PROJECT_DIR)/commonSrc";
				PRODUCT_NAME = "$(TARGET_NAME)";
			};
			name = Release;
		};
/* End XCBuildConfiguration section */

/* Begin XCConfigurationList section */
		64E55F862D66243F00FE3849 /* Build configuration list for PBXProject "HomeEngine" */ = {
			isa = XCConfigurationList;
			buildConfigurations = (
				64E55F902D66243F00FE3849 /* Debug */,
				64E55F912D66243F00FE3849 /* Release */,
			);
			defaultConfigurationIsVisible = 0;
			defaultConfigurationName = Release;
		};
		64E55F922D66243F00FE3849 /* Build configuration list for PBXNativeTarget "HomeEngine" */ = {
			isa = XCConfigurationList;
			buildConfigurations = (
				64E55F932D66243F00FE3849 /* Debug */,
				64E55F942D66243F00FE3849 /* Release */,
			);
			defaultConfigurationIsVisible = 0;
			defaultConfigurationName = Release;
		};
/* End XCConfigurationList section */
	};
	rootObject = 64E55F832D66243F00FE3849 /* Project object */;
}
